
Microsoft Visual Studio Solution File, Format Version 12.00
# Visual Studio Version 17
VisualStudioVersion = 17.2.32630.192
MinimumVisualStudioVersion = 10.0.40219.1
Project("{FAE04EC0-301F-11D3-BF4B-00C04F79EFBC}") = "HomeWork_03", "HomeWork_03.csproj", "{2A66B344-E148-4101-A406-958A37DF21B5}"
EndProject
Global
	GlobalSection(SolutionConfigurationPlatforms) = preSolution
		Debug|Any CPU = Debug|Any CPU
		Release|Any CPU = Release|Any CPU
	EndGlobalSection
	GlobalSection(ProjectConfigurationPlatforms) = postSolution
		{2A66B344-E148-4101-A406-958A37DF21B5}.Debug|Any CPU.ActiveCfg = Debug|Any CPU
		{2A66B344-E148-4101-A406-958A37DF21B5}.Debug|Any CPU.Build.0 = Debug|Any CPU
		{2A66B344-E148-4101-A406-958A37DF21B5}.Release|Any CPU.ActiveCfg = Release|Any CPU
		{2A66B344-E148-4101-A406-958A37DF21B5}.Release|Any CPU.Build.0 = Release|Any CPU
	EndGlobalSection
	GlobalSection(SolutionProperties) = preSolution
		HideSolutionNode = FALSE
	EndGlobalSection
	GlobalSection(ExtensibilityGlobals) = postSolution
		SolutionGuid = {8A24758D-1BD6-4593-9322-A56B0C86F164}
	EndGlobalSection
EndGlobal
